
Microsoft Visual Studio Solution File, Format Version 12.00
# Visual Studio 15
VisualStudioVersion = 15.0.26730.15
MinimumVisualStudioVersion = 10.0.40219.1
Project("{FAE04EC0-301F-11D3-BF4B-00C04F79EFBC}") = "WebApplication1", "WebApplication1\WebApplication1.csproj", "{CBB43428-E5D2-4565-A163-0D00BCA1CDFB}"
EndProject
Global
	GlobalSection(SolutionConfigurationPlatforms) = preSolution
		Debug|Any CPU = Debug|Any CPU
		Release|Any CPU = Release|Any CPU
	EndGlobalSection
	GlobalSection(ProjectConfigurationPlatforms) = postSolution
		{CBB43428-E5D2-4565-A163-0D00BCA1CDFB}.Debug|Any CPU.ActiveCfg = Debug|Any CPU
		{CBB43428-E5D2-4565-A163-0D00BCA1CDFB}.Debug|Any CPU.Build.0 = Debug|Any CPU
		{CBB43428-E5D2-4565-A163-0D00BCA1CDFB}.Release|Any CPU.ActiveCfg = Release|Any CPU
		{CBB43428-E5D2-4565-A163-0D00BCA1CDFB}.Release|Any CPU.Build.0 = Release|Any CPU
	EndGlobalSection
	GlobalSection(SolutionProperties) = preSolution
		HideSolutionNode = FALSE
	EndGlobalSection
	GlobalSection(ExtensibilityGlobals) = postSolution
		SolutionGuid = {49F7C9F6-70CE-4B35-9B4F-026618F4CFC3}
	EndGlobalSection
EndGlobal
